
Microsoft Visual Studio Solution File, Format Version 12.00
# Visual Studio Version 17
VisualStudioVersion = 17.14.36301.6
MinimumVisualStudioVersion = 10.0.40219.1
Project("{FAE04EC0-301F-11D3-BF4B-00C04F79EFBC}") = "BL", "BL\BL.csproj", "{EB37D5E5-CF8E-46B9-AD50-485E8FEC38D0}"
EndProject
Project("{FAE04EC0-301F-11D3-BF4B-00C04F79EFBC}") = "API", "PL\API.csproj", "{F4B57CC2-2ADB-40EB-9CF9-D3B375F6C723}"
EndProject
Project("{FAE04EC0-301F-11D3-BF4B-00C04F79EFBC}") = "DAL", "DAL\DAL.csproj", "{392E9127-D425-499F-91F7-C5140CFCAE46}"
EndProject
Global
	GlobalSection(SolutionConfigurationPlatforms) = preSolution
		Debug|Any CPU = Debug|Any CPU
		Release|Any CPU = Release|Any CPU
	EndGlobalSection
	GlobalSection(ProjectConfigurationPlatforms) = postSolution
		{EB37D5E5-CF8E-46B9-AD50-485E8FEC38D0}.Debug|Any CPU.ActiveCfg = Debug|Any CPU
		{EB37D5E5-CF8E-46B9-AD50-485E8FEC38D0}.Debug|Any CPU.Build.0 = Debug|Any CPU
		{EB37D5E5-CF8E-46B9-AD50-485E8FEC38D0}.Release|Any CPU.ActiveCfg = Release|Any CPU
		{EB37D5E5-CF8E-46B9-AD50-485E8FEC38D0}.Release|Any CPU.Build.0 = Release|Any CPU
		{F4B57CC2-2ADB-40EB-9CF9-D3B375F6C723}.Debug|Any CPU.ActiveCfg = Debug|Any CPU
		{F4B57CC2-2ADB-40EB-9CF9-D3B375F6C723}.Debug|Any CPU.Build.0 = Debug|Any CPU
		{F4B57CC2-2ADB-40EB-9CF9-D3B375F6C723}.Release|Any CPU.ActiveCfg = Release|Any CPU
		{F4B57CC2-2ADB-40EB-9CF9-D3B375F6C723}.Release|Any CPU.Build.0 = Release|Any CPU
		{392E9127-D425-499F-91F7-C5140CFCAE46}.Debug|Any CPU.ActiveCfg = Debug|Any CPU
		{392E9127-D425-499F-91F7-C5140CFCAE46}.Debug|Any CPU.Build.0 = Debug|Any CPU
		{392E9127-D425-499F-91F7-C5140CFCAE46}.Release|Any CPU.ActiveCfg = Release|Any CPU
		{392E9127-D425-499F-91F7-C5140CFCAE46}.Release|Any CPU.Build.0 = Release|Any CPU
	EndGlobalSection
	GlobalSection(SolutionProperties) = preSolution
		HideSolutionNode = FALSE
	EndGlobalSection
	GlobalSection(ExtensibilityGlobals) = postSolution
		SolutionGuid = {37227330-163C-4CFF-B8E7-C5ABEB8B7EFD}
	EndGlobalSection
EndGlobal
